
Microsoft Visual Studio Solution File, Format Version 12.00
# Visual Studio 15
VisualStudioVersion = 15.0.28307.106
MinimumVisualStudioVersion = 10.0.40219.1
Project("{FAE04EC0-301F-11D3-BF4B-00C04F79EFBC}") = "App1.Android", "App1\App1.Android\App1.Android.csproj", "{458F4B6E-3937-4625-AF2A-96B9402A12B0}"
EndProject
Project("{FAE04EC0-301F-11D3-BF4B-00C04F79EFBC}") = "App1.iOS", "App1\App1.iOS\App1.iOS.csproj", "{77AE40E1-C70C-49CE-AC10-14D6A12B16BC}"
EndProject
Project("{FAE04EC0-301F-11D3-BF4B-00C04F79EFBC}") = "App1", "App1\App1\App1.csproj", "{0939201C-6EF8-47F3-B817-EA98FE6407DE}"
EndProject
Project("{FAE04EC0-301F-11D3-BF4B-00C04F79EFBC}") = "ConsoleApp1", "ConsoleApp1\ConsoleApp1.csproj", "{CA368EC1-6728-4E47-9300-D13A7789F661}"
EndProject
Global
	GlobalSection(SolutionConfigurationPlatforms) = preSolution
		Ad-Hoc|Any CPU = Ad-Hoc|Any CPU
		Ad-Hoc|iPhone = Ad-Hoc|iPhone
		Ad-Hoc|iPhoneSimulator = Ad-Hoc|iPhoneSimulator
		AppStore|Any CPU = AppStore|Any CPU
		AppStore|iPhone = AppStore|iPhone
		AppStore|iPhoneSimulator = AppStore|iPhoneSimulator
		Debug|Any CPU = Debug|Any CPU
		Debug|iPhone = Debug|iPhone
		Debug|iPhoneSimulator = Debug|iPhoneSimulator
		Release|Any CPU = Release|Any CPU
		Release|iPhone = Release|iPhone
		Release|iPhoneSimulator = Release|iPhoneSimulator
	EndGlobalSection
	GlobalSection(ProjectConfigurationPlatforms) = postSolution
		{458F4B6E-3937-4625-AF2A-96B9402A12B0}.Ad-Hoc|Any CPU.ActiveCfg = Release|Any CPU
		{458F4B6E-3937-4625-AF2A-96B9402A12B0}.Ad-Hoc|Any CPU.Build.0 = Release|Any CPU
		{458F4B6E-3937-4625-AF2A-96B9402A12B0}.Ad-Hoc|Any CPU.Deploy.0 = Release|Any CPU
		{458F4B6E-3937-4625-AF2A-96B9402A12B0}.Ad-Hoc|iPhone.ActiveCfg = Release|Any CPU
		{458F4B6E-3937-4625-AF2A-96B9402A12B0}.Ad-Hoc|iPhone.Build.0 = Release|Any CPU
		{458F4B6E-3937-4625-AF2A-96B9402A12B0}.Ad-Hoc|iPhone.Deploy.0 = Release|Any CPU
		{458F4B6E-3937-4625-AF2A-96B9402A12B0}.Ad-Hoc|iPhoneSimulator.ActiveCfg = Release|Any CPU
		{458F4B6E-3937-4625-AF2A-96B9402A12B0}.Ad-Hoc|iPhoneSimulator.Build.0 = Release|Any CPU
		{458F4B6E-3937-4625-AF2A-96B9402A12B0}.Ad-Hoc|iPhoneSimulator.Deploy.0 = Release|Any CPU
		{458F4B6E-3937-4625-AF2A-96B9402A12B0}.AppStore|Any CPU.ActiveCfg = Release|Any CPU
		{458F4B6E-3937-4625-AF2A-96B9402A12B0}.AppStore|Any CPU.Build.0 = Release|Any CPU
		{458F4B6E-3937-4625-AF2A-96B9402A12B0}.AppStore|Any CPU.Deploy.0 = Release|Any CPU
		{458F4B6E-3937-4625-AF2A-96B9402A12B0}.AppStore|iPhone.ActiveCfg = Release|Any CPU
		{458F4B6E-3937-4625-AF2A-96B9402A12B0}.AppStore|iPhone.Build.0 = Release|Any CPU
		{458F4B6E-3937-4625-AF2A-96B9402A12B0}.AppStore|iPhone.Deploy.0 = Release|Any CPU
		{458F4B6E-3937-4625-AF2A-96B9402A12B0}.AppStore|iPhoneSimulator.ActiveCfg = Release|Any CPU
		{458F4B6E-3937-4625-AF2A-96B9402A12B0}.AppStore|iPhoneSimulator.Build.0 = Release|Any CPU
		{458F4B6E-3937-4625-AF2A-96B9402A12B0}.AppStore|iPhoneSimulator.Deploy.0 = Release|Any CPU
		{458F4B6E-3937-4625-AF2A-96B9402A12B0}.Debug|Any CPU.ActiveCfg = Debug|Any CPU
		{458F4B6E-3937-4625-AF2A-96B9402A12B0}.Debug|Any CPU.Build.0 = Debug|Any CPU
		{458F4B6E-3937-4625-AF2A-96B9402A12B0}.Debug|Any CPU.Deploy.0 = Debug|Any CPU
		{458F4B6E-3937-4625-AF2A-96B9402A12B0}.Debug|iPhone.ActiveCfg = Debug|Any CPU
		{458F4B6E-3937-4625-AF2A-96B9402A12B0}.Debug|iPhone.Build.0 = Debug|Any CPU
		{458F4B6E-3937-4625-AF2A-96B9402A12B0}.Debug|iPhone.Deploy.0 = Debug|Any CPU
		{458F4B6E-3937-4625-AF2A-96B9402A12B0}.Debug|iPhoneSimulator.ActiveCfg = Debug|Any CPU
		{458F4B6E-3937-4625-AF2A-96B9402A12B0}.Debug|iPhoneSimulator.Build.0 = Debug|Any CPU
		{458F4B6E-3937-4625-AF2A-96B9402A12B0}.Debug|iPhoneSimulator.Deploy.0 = Debug|Any CPU
		{458F4B6E-3937-4625-AF2A-96B9402A12B0}.Release|Any CPU.ActiveCfg = Release|Any CPU
		{458F4B6E-3937-4625-AF2A-96B9402A12B0}.Release|Any CPU.Build.0 = Release|Any CPU
		{458F4B6E-3937-4625-AF2A-96B9402A12B0}.Release|Any CPU.Deploy.0 = Release|Any CPU
		{458F4B6E-3937-4625-AF2A-96B9402A12B0}.Release|iPhone.ActiveCfg = Release|Any CPU
		{458F4B6E-3937-4625-AF2A-96B9402A12B0}.Release|iPhone.Build.0 = Release|Any CPU
		{458F4B6E-3937-4625-AF2A-96B9402A12B0}.Release|iPhone.Deploy.0 = Release|Any CPU
		{458F4B6E-3937-4625-AF2A-96B9402A12B0}.Release|iPhoneSimulator.ActiveCfg = Release|Any CPU
		{458F4B6E-3937-4625-AF2A-96B9402A12B0}.Release|iPhoneSimulator.Build.0 = Release|Any CPU
		{458F4B6E-3937-4625-AF2A-96B9402A12B0}.Release|iPhoneSimulator.Deploy.0 = Release|Any CPU
		{77AE40E1-C70C-49CE-AC10-14D6A12B16BC}.Ad-Hoc|Any CPU.ActiveCfg = Ad-Hoc|iPhone
		{77AE40E1-C70C-49CE-AC10-14D6A12B16BC}.Ad-Hoc|Any CPU.Build.0 = Ad-Hoc|iPhone
		{77AE40E1-C70C-49CE-AC10-14D6A12B16BC}.Ad-Hoc|Any CPU.Deploy.0 = Ad-Hoc|iPhone
		{77AE40E1-C70C-49CE-AC10-14D6A12B16BC}.Ad-Hoc|iPhone.ActiveCfg = Ad-Hoc|iPhone
		{77AE40E1-C70C-49CE-AC10-14D6A12B16BC}.Ad-Hoc|iPhone.Build.0 = Ad-Hoc|iPhone
		{77AE40E1-C70C-49CE-AC10-14D6A12B16BC}.Ad-Hoc|iPhone.Deploy.0 = Ad-Hoc|iPhone
		{77AE40E1-C70C-49CE-AC10-14D6A12B16BC}.Ad-Hoc|iPhoneSimulator.ActiveCfg = Ad-Hoc|iPhoneSimulator
		{77AE40E1-C70C-49CE-AC10-14D6A12B16BC}.Ad-Hoc|iPhoneSimulator.Build.0 = Ad-Hoc|iPhoneSimulator
		{77AE40E1-C70C-49CE-AC10-14D6A12B16BC}.Ad-Hoc|iPhoneSimulator.Deploy.0 = Ad-Hoc|iPhoneSimulator
		{77AE40E1-C70C-49CE-AC10-14D6A12B16BC}.AppStore|Any CPU.ActiveCfg = AppStore|iPhone
		{77AE40E1-C70C-49CE-AC10-14D6A12B16BC}.AppStore|Any CPU.Build.0 = AppStore|iPhone
		{77AE40E1-C70C-49CE-AC10-14D6A12B16BC}.AppStore|Any CPU.Deploy.0 = AppStore|iPhone
		{77AE40E1-C70C-49CE-AC10-14D6A12B16BC}.AppStore|iPhone.ActiveCfg = AppStore|iPhone
		{77AE40E1-C70C-49CE-AC10-14D6A12B16BC}.AppStore|iPhone.Build.0 = AppStore|iPhone
		{77AE40E1-C70C-49CE-AC10-14D6A12B16BC}.AppStore|iPhone.Deploy.0 = AppStore|iPhone
		{77AE40E1-C70C-49CE-AC10-14D6A12B16BC}.AppStore|iPhoneSimulator.ActiveCfg = AppStore|iPhoneSimulator
		{77AE40E1-C70C-49CE-AC10-14D6A12B16BC}.AppStore|iPhoneSimulator.Build.0 = AppStore|iPhoneSimulator
		{77AE40E1-C70C-49CE-AC10-14D6A12B16BC}.AppStore|iPhoneSimulator.Deploy.0 = AppStore|iPhoneSimulator
		{77AE40E1-C70C-49CE-AC10-14D6A12B16BC}.Debug|Any CPU.ActiveCfg = Debug|iPhoneSimulator
		{77AE40E1-C70C-49CE-AC10-14D6A12B16BC}.Debug|Any CPU.Build.0 = Debug|iPhoneSimulator
		{77AE40E1-C70C-49CE-AC10-14D6A12B16BC}.Debug|Any CPU.Deploy.0 = Debug|iPhoneSimulator
		{77AE40E1-C70C-49CE-AC10-14D6A12B16BC}.Debug|iPhone.ActiveCfg = Debug|iPhone
		{77AE40E1-C70C-49CE-AC10-14D6A12B16BC}.Debug|iPhone.Build.0 = Debug|iPhone
		{77AE40E1-C70C-49CE-AC10-14D6A12B16BC}.Debug|iPhone.Deploy.0 = Debug|iPhone
		{77AE40E1-C70C-49CE-AC10-14D6A12B16BC}.Debug|iPhoneSimulator.ActiveCfg = Debug|iPhoneSimulator
		{77AE40E1-C70C-49CE-AC10-14D6A12B16BC}.Debug|iPhoneSimulator.Build.0 = Debug|iPhoneSimulator
		{77AE40E1-C70C-49CE-AC10-14D6A12B16BC}.Debug|iPhoneSimulator.Deploy.0 = Debug|iPhoneSimulator
		{77AE40E1-C70C-49CE-AC10-14D6A12B16BC}.Release|Any CPU.ActiveCfg = Release|iPhone
		{77AE40E1-C70C-49CE-AC10-14D6A12B16BC}.Release|Any CPU.Build.0 = Release|iPhone
		{77AE40E1-C70C-49CE-AC10-14D6A12B16BC}.Release|Any CPU.Deploy.0 = Release|iPhone
		{77AE40E1-C70C-49CE-AC10-14D6A12B16BC}.Release|iPhone.ActiveCfg = Release|iPhone
		{77AE40E1-C70C-49CE-AC10-14D6A12B16BC}.Release|iPhone.Build.0 = Release|iPhone
		{77AE40E1-C70C-49CE-AC10-14D6A12B16BC}.Release|iPhone.Deploy.0 = Release|iPhone
		{77AE40E1-C70C-49CE-AC10-14D6A12B16BC}.Release|iPhoneSimulator.ActiveCfg = Release|iPhoneSimulator
		{77AE40E1-C70C-49CE-AC10-14D6A12B16BC}.Release|iPhoneSimulator.Build.0 = Release|iPhoneSimulator
		{77AE40E1-C70C-49CE-AC10-14D6A12B16BC}.Release|iPhoneSimulator.Deploy.0 = Release|iPhoneSimulator
		{0939201C-6EF8-47F3-B817-EA98FE6407DE}.Ad-Hoc|Any CPU.ActiveCfg = Debug|Any CPU
		{0939201C-6EF8-47F3-B817-EA98FE6407DE}.Ad-Hoc|Any CPU.Build.0 = Debug|Any CPU
		{0939201C-6EF8-47F3-B817-EA98FE6407DE}.Ad-Hoc|Any CPU.Deploy.0 = Debug|Any CPU
		{0939201C-6EF8-47F3-B817-EA98FE6407DE}.Ad-Hoc|iPhone.ActiveCfg = Debug|Any CPU
		{0939201C-6EF8-47F3-B817-EA98FE6407DE}.Ad-Hoc|iPhone.Build.0 = Debug|Any CPU
		{0939201C-6EF8-47F3-B817-EA98FE6407DE}.Ad-Hoc|iPhone.Deploy.0 = Debug|Any CPU
		{0939201C-6EF8-47F3-B817-EA98FE6407DE}.Ad-Hoc|iPhoneSimulator.ActiveCfg = Debug|Any CPU
		{0939201C-6EF8-47F3-B817-EA98FE6407DE}.Ad-Hoc|iPhoneSimulator.Build.0 = Debug|Any CPU
		{0939201C-6EF8-47F3-B817-EA98FE6407DE}.Ad-Hoc|iPhoneSimulator.Deploy.0 = Debug|Any CPU
		{0939201C-6EF8-47F3-B817-EA98FE6407DE}.AppStore|Any CPU.ActiveCfg = Debug|Any CPU
		{0939201C-6EF8-47F3-B817-EA98FE6407DE}.AppStore|Any CPU.Build.0 = Debug|Any CPU
		{0939201C-6EF8-47F3-B817-EA98FE6407DE}.AppStore|Any CPU.Deploy.0 = Debug|Any CPU
		{0939201C-6EF8-47F3-B817-EA98FE6407DE}.AppStore|iPhone.ActiveCfg = Debug|Any CPU
		{0939201C-6EF8-47F3-B817-EA98FE6407DE}.AppStore|iPhone.Build.0 = Debug|Any CPU
		{0939201C-6EF8-47F3-B817-EA98FE6407DE}.AppStore|iPhone.Deploy.0 = Debug|Any CPU
		{0939201C-6EF8-47F3-B817-EA98FE6407DE}.AppStore|iPhoneSimulator.ActiveCfg = Debug|Any CPU
		{0939201C-6EF8-47F3-B817-EA98FE6407DE}.AppStore|iPhoneSimulator.Build.0 = Debug|Any CPU
		{0939201C-6EF8-47F3-B817-EA98FE6407DE}.AppStore|iPhoneSimulator.Deploy.0 = Debug|Any CPU
		{0939201C-6EF8-47F3-B817-EA98FE6407DE}.Debug|Any CPU.ActiveCfg = Debug|Any CPU
		{0939201C-6EF8-47F3-B817-EA98FE6407DE}.Debug|Any CPU.Build.0 = Debug|Any CPU
		{0939201C-6EF8-47F3-B817-EA98FE6407DE}.Debug|Any CPU.Deploy.0 = Debug|Any CPU
		{0939201C-6EF8-47F3-B817-EA98FE6407DE}.Debug|iPhone.ActiveCfg = Debug|Any CPU
		{0939201C-6EF8-47F3-B817-EA98FE6407DE}.Debug|iPhone.Build.0 = Debug|Any CPU
		{0939201C-6EF8-47F3-B817-EA98FE6407DE}.Debug|iPhone.Deploy.0 = Debug|Any CPU
		{0939201C-6EF8-47F3-B817-EA98FE6407DE}.Debug|iPhoneSimulator.ActiveCfg = Debug|Any CPU
		{0939201C-6EF8-47F3-B817-EA98FE6407DE}.Debug|iPhoneSimulator.Build.0 = Debug|Any CPU
		{0939201C-6EF8-47F3-B817-EA98FE6407DE}.Debug|iPhoneSimulator.Deploy.0 = Debug|Any CPU
		{0939201C-6EF8-47F3-B817-EA98FE6407DE}.Release|Any CPU.ActiveCfg = Release|Any CPU
		{0939201C-6EF8-47F3-B817-EA98FE6407DE}.Release|Any CPU.Build.0 = Release|Any CPU
		{0939201C-6EF8-47F3-B817-EA98FE6407DE}.Release|Any CPU.Deploy.0 = Release|Any CPU
		{0939201C-6EF8-47F3-B817-EA98FE6407DE}.Release|iPhone.ActiveCfg = Release|Any CPU
		{0939201C-6EF8-47F3-B817-EA98FE6407DE}.Release|iPhone.Build.0 = Release|Any CPU
		{0939201C-6EF8-47F3-B817-EA98FE6407DE}.Release|iPhone.Deploy.0 = Release|Any CPU
		{0939201C-6EF8-47F3-B817-EA98FE6407DE}.Release|iPhoneSimulator.ActiveCfg = Release|Any CPU
		{0939201C-6EF8-47F3-B817-EA98FE6407DE}.Release|iPhoneSimulator.Build.0 = Release|Any CPU
		{0939201C-6EF8-47F3-B817-EA98FE6407DE}.Release|iPhoneSimulator.Deploy.0 = Release|Any CPU
		{CA368EC1-6728-4E47-9300-D13A7789F661}.Ad-Hoc|Any CPU.ActiveCfg = Release|Any CPU
		{CA368EC1-6728-4E47-9300-D13A7789F661}.Ad-Hoc|Any CPU.Build.0 = Release|Any CPU
		{CA368EC1-6728-4E47-9300-D13A7789F661}.Ad-Hoc|iPhone.ActiveCfg = Release|Any CPU
		{CA368EC1-6728-4E47-9300-D13A7789F661}.Ad-Hoc|iPhone.Build.0 = Release|Any CPU
		{CA368EC1-6728-4E47-9300-D13A7789F661}.Ad-Hoc|iPhoneSimulator.ActiveCfg = Release|Any CPU
		{CA368EC1-6728-4E47-9300-D13A7789F661}.Ad-Hoc|iPhoneSimulator.Build.0 = Release|Any CPU
		{CA368EC1-6728-4E47-9300-D13A7789F661}.AppStore|Any CPU.ActiveCfg = Release|Any CPU
		{CA368EC1-6728-4E47-9300-D13A7789F661}.AppStore|Any CPU.Build.0 = Release|Any CPU
		{CA368EC1-6728-4E47-9300-D13A7789F661}.AppStore|iPhone.ActiveCfg = Release|Any CPU
		{CA368EC1-6728-4E47-9300-D13A7789F661}.AppStore|iPhone.Build.0 = Release|Any CPU
		{CA368EC1-6728-4E47-9300-D13A7789F661}.AppStore|iPhoneSimulator.ActiveCfg = Release|Any CPU
		{CA368EC1-6728-4E47-9300-D13A7789F661}.AppStore|iPhoneSimulator.Build.0 = Release|Any CPU
		{CA368EC1-6728-4E47-9300-D13A7789F661}.Debug|Any CPU.ActiveCfg = Debug|Any CPU
		{CA368EC1-6728-4E47-9300-D13A7789F661}.Debug|Any CPU.Build.0 = Debug|Any CPU
		{CA368EC1-6728-4E47-9300-D13A7789F661}.Debug|iPhone.ActiveCfg = Debug|Any CPU
		{CA368EC1-6728-4E47-9300-D13A7789F661}.Debug|iPhone.Build.0 = Debug|Any CPU
		{CA368EC1-6728-4E47-9300-D13A7789F661}.Debug|iPhoneSimulator.ActiveCfg = Debug|Any CPU
		{CA368EC1-6728-4E47-9300-D13A7789F661}.Debug|iPhoneSimulator.Build.0 = Debug|Any CPU
		{CA368EC1-6728-4E47-9300-D13A7789F661}.Release|Any CPU.ActiveCfg = Release|Any CPU
		{CA368EC1-6728-4E47-9300-D13A7789F661}.Release|Any CPU.Build.0 = Release|Any CPU
		{CA368EC1-6728-4E47-9300-D13A7789F661}.Release|iPhone.ActiveCfg = Release|Any CPU
		{CA368EC1-6728-4E47-9300-D13A7789F661}.Release|iPhone.Build.0 = Release|Any CPU
		{CA368EC1-6728-4E47-9300-D13A7789F661}.Release|iPhoneSimulator.ActiveCfg = Release|Any CPU
		{CA368EC1-6728-4E47-9300-D13A7789F661}.Release|iPhoneSimulator.Build.0 = Release|Any CPU
	EndGlobalSection
	GlobalSection(SolutionProperties) = preSolution
		HideSolutionNode = FALSE
	EndGlobalSection
	GlobalSection(ExtensibilityGlobals) = postSolution
		SolutionGuid = {D6A98EF3-8E73-4059-9ED7-D5FBEFD0D428}
	EndGlobalSection
EndGlobal
